
Microsoft Visual Studio Solution File, Format Version 12.00
# Visual Studio Version 16
VisualStudioVersion = 16.0.30523.141
MinimumVisualStudioVersion = 10.0.40219.1
Project("{FAE04EC0-301F-11D3-BF4B-00C04F79EFBC}") = "expresionesRegulares", "expresionesRegulares.csproj", "{5243F69B-EAE9-4CC0-B96D-8A0AC98036BF}"
EndProject
Global
	GlobalSection(SolutionConfigurationPlatforms) = preSolution
		Debug|Any CPU = Debug|Any CPU
		Release|Any CPU = Release|Any CPU
	EndGlobalSection
	GlobalSection(ProjectConfigurationPlatforms) = postSolution
		{5243F69B-EAE9-4CC0-B96D-8A0AC98036BF}.Debug|Any CPU.ActiveCfg = Debug|Any CPU
		{5243F69B-EAE9-4CC0-B96D-8A0AC98036BF}.Debug|Any CPU.Build.0 = Debug|Any CPU
		{5243F69B-EAE9-4CC0-B96D-8A0AC98036BF}.Release|Any CPU.ActiveCfg = Release|Any CPU
		{5243F69B-EAE9-4CC0-B96D-8A0AC98036BF}.Release|Any CPU.Build.0 = Release|Any CPU
	EndGlobalSection
	GlobalSection(SolutionProperties) = preSolution
		HideSolutionNode = FALSE
	EndGlobalSection
	GlobalSection(ExtensibilityGlobals) = postSolution
		SolutionGuid = {2BBE03E1-7CF9-4A22-A6D1-CA3BB83AE2D1}
	EndGlobalSection
EndGlobal
